
Microsoft Visual Studio Solution File, Format Version 12.00
# Visual Studio Version 16
VisualStudioVersion = 16.0.34729.46
MinimumVisualStudioVersion = 10.0.40219.1
Project("{FAE04EC0-301F-11D3-BF4B-00C04F79EFBC}") = "Shifrator", "Shifrator\Shifrator.csproj", "{29B8471A-9315-4AA7-82A2-EB95D38CE2F9}"
EndProject
Global
	GlobalSection(SolutionConfigurationPlatforms) = preSolution
		Debug|Any CPU = Debug|Any CPU
		Release|Any CPU = Release|Any CPU
	EndGlobalSection
	GlobalSection(ProjectConfigurationPlatforms) = postSolution
		{29B8471A-9315-4AA7-82A2-EB95D38CE2F9}.Debug|Any CPU.ActiveCfg = Debug|Any CPU
		{29B8471A-9315-4AA7-82A2-EB95D38CE2F9}.Debug|Any CPU.Build.0 = Debug|Any CPU
		{29B8471A-9315-4AA7-82A2-EB95D38CE2F9}.Release|Any CPU.ActiveCfg = Release|Any CPU
		{29B8471A-9315-4AA7-82A2-EB95D38CE2F9}.Release|Any CPU.Build.0 = Release|Any CPU
	EndGlobalSection
	GlobalSection(SolutionProperties) = preSolution
		HideSolutionNode = FALSE
	EndGlobalSection
	GlobalSection(ExtensibilityGlobals) = postSolution
		SolutionGuid = {BF3D05E3-B13C-4AEC-AF16-3731DFC57809}
	EndGlobalSection
EndGlobal
